%{
  "artificery": {:hex, :artificery, "0.4.0", "e0b8d3eb9dfe8f42c08a620f90a2aa9cef5dba9fcdfcecad5c2be451df159a77", [:mix], [], "hexpm"},
  "certifi": {:hex, :certifi, "2.5.1", "867ce347f7c7d78563450a18a6a28a8090331e77fa02380b4a21962a65d36ee5", [:rebar3], [{:parse_trans, "~>3.3", [hex: :parse_trans, repo: "hexpm", optional: false]}], "hexpm"},
  "distillery": {:hex, :distillery, "2.0.12", "6e78fe042df82610ac3fa50bd7d2d8190ad287d120d3cd1682d83a44e8b34dfb", [:mix], [{:artificery, "~> 0.2", [hex: :artificery, repo: "hexpm", optional: false]}], "hexpm"},
  "dns": {:hex, :dns, "2.1.2", "81c46d39f7934f0e73368355126e4266762cf227ba61d5889635d83b2d64a493", [:mix], [{:socket, "~> 0.3.13", [hex: :socket, repo: "hexpm", optional: false]}], "hexpm"},
  "elixir_make": {:hex, :elixir_make, "0.5.2", "96a28c79f5b8d34879cd95ebc04d2a0d678cfbbd3e74c43cb63a76adf0ee8054", [:mix], [], "hexpm"},
  "fwup": {:hex, :fwup, "0.4.0", "c9f599748f52d13972e0471b789b74de90e451cf071bd9cdbbbf29e280efd9c7", [:mix], [], "hexpm"},
  "hackney": {:hex, :hackney, "1.15.1", "9f8f471c844b8ce395f7b6d8398139e26ddca9ebc171a8b91342ee15a19963f4", [:rebar3], [{:certifi, "2.5.1", [hex: :certifi, repo: "hexpm", optional: false]}, {:idna, "6.0.0", [hex: :idna, repo: "hexpm", optional: false]}, {:metrics, "1.0.1", [hex: :metrics, repo: "hexpm", optional: false]}, {:mimerl, "~>1.1", [hex: :mimerl, repo: "hexpm", optional: false]}, {:ssl_verify_fun, "1.1.4", [hex: :ssl_verify_fun, repo: "hexpm", optional: false]}], "hexpm"},
  "idna": {:hex, :idna, "6.0.0", "689c46cbcdf3524c44d5f3dde8001f364cd7608a99556d8fbd8239a5798d4c10", [:rebar3], [{:unicode_util_compat, "0.4.1", [hex: :unicode_util_compat, repo: "hexpm", optional: false]}], "hexpm"},
  "jason": {:hex, :jason, "1.1.2", "b03dedea67a99223a2eaf9f1264ce37154564de899fd3d8b9a21b1a6fd64afe7", [:mix], [{:decimal, "~> 1.0", [hex: :decimal, repo: "hexpm", optional: true]}], "hexpm"},
  "mdns": {:hex, :mdns, "1.0.2", "c8228dd44d3fdd55e9842cb7111c9145f2eeaa8b7adac75012ee0e250962215e", [:mix], [{:dns, "~> 2.0", [hex: :dns, repo: "hexpm", optional: false]}], "hexpm"},
  "metrics": {:hex, :metrics, "1.0.1", "25f094dea2cda98213cecc3aeff09e940299d950904393b2a29d191c346a8486", [:rebar3], [], "hexpm"},
  "mime": {:hex, :mime, "1.3.1", "30ce04ab3175b6ad0bdce0035cba77bba68b813d523d1aac73d9781b4d193cf8", [:mix], [], "hexpm"},
  "mimerl": {:hex, :mimerl, "1.2.0", "67e2d3f571088d5cfd3e550c383094b47159f3eee8ffa08e64106cdf5e981be3", [:rebar3], [], "hexpm"},
  "muontrap": {:hex, :muontrap, "0.4.1", "4d12af9d1a8f45037cf6d602b614bdc1e1781d110b0fef5df4c3a0aaec76dfae", [:make, :mix], [{:elixir_make, "~> 0.5", [hex: :elixir_make, repo: "hexpm", optional: false]}], "hexpm"},
  "nerves": {:hex, :nerves, "1.4.0", "6709e21ddd4cff9ac126e49f2278452a31d602f1fe3604dae30649bc0869d737", [:mix], [{:distillery, "2.0.12", [hex: :distillery, repo: "hexpm", optional: false]}, {:jason, "~> 1.0", [hex: :jason, repo: "hexpm", optional: true]}], "hexpm"},
  "nerves_firmware_ssh": {:hex, :nerves_firmware_ssh, "0.4.1", "bbce1b5d70e9e450c165c55317f30c220d0b5995ca7d029dca53be5603040b3b", [:mix], [{:nerves_runtime, "~> 0.4", [hex: :nerves_runtime, repo: "hexpm", optional: false]}], "hexpm"},
  "nerves_hub_cli": {:hex, :nerves_hub_cli, "0.9.0", "ee02d6a4ce7706b7860df925a5a578c0856757123d7df56dfb38f85818f80aba", [:mix], [{:nerves_hub_user_api, "~> 0.6", [hex: :nerves_hub_user_api, repo: "hexpm", optional: false]}, {:pbcs, "~> 0.1", [hex: :pbcs, repo: "hexpm", optional: false]}, {:table_rex, "~> 2.0.0", [hex: :table_rex, repo: "hexpm", optional: false]}, {:x509, "~> 0.3", [hex: :x509, repo: "hexpm", optional: false]}], "hexpm"},
  "nerves_hub_user_api": {:hex, :nerves_hub_user_api, "0.6.0", "14f7bd249275c647981e6601ebef909fd4036391aef010ff74d01d4799b90bdf", [:mix], [{:hackney, "~> 1.9", [hex: :hackney, repo: "hexpm", optional: false]}, {:jason, "~> 1.0", [hex: :jason, repo: "hexpm", optional: false]}, {:tesla, "~> 1.2.1 or ~> 1.3", [hex: :tesla, repo: "hexpm", optional: false]}, {:x509, "~> 0.3", [hex: :x509, repo: "hexpm", optional: false]}], "hexpm"},
  "nerves_init_gadget": {:hex, :nerves_init_gadget, "0.6.0", "64eb8877b438678aed6d421737326a8cac3810b425e00abd5c7a3a0e95054988", [:mix], [{:mdns, "~> 1.0", [hex: :mdns, repo: "hexpm", optional: false]}, {:nerves_firmware_ssh, "~> 0.2", [hex: :nerves_firmware_ssh, repo: "hexpm", optional: false]}, {:nerves_network, "~> 0.3", [hex: :nerves_network, repo: "hexpm", optional: false]}, {:nerves_runtime, "~> 0.3", [hex: :nerves_runtime, repo: "hexpm", optional: false]}, {:one_dhcpd, "~> 0.1", [hex: :one_dhcpd, repo: "hexpm", optional: false]}, {:ring_logger, "~> 0.4", [hex: :ring_logger, repo: "hexpm", optional: false]}], "hexpm"},
  "nerves_network": {:hex, :nerves_network, "0.5.5", "4690c362707f76c4072810bd9639b2ae8eb7dd9c21119656308b462a087230aa", [:make, :mix], [{:elixir_make, "~> 0.5", [hex: :elixir_make, repo: "hexpm", optional: false]}, {:nerves_network_interface, "~> 0.4.4", [hex: :nerves_network_interface, repo: "hexpm", optional: false]}, {:nerves_wpa_supplicant, "~> 0.5", [hex: :nerves_wpa_supplicant, repo: "hexpm", optional: false]}, {:one_dhcpd, "~> 0.2.0", [hex: :one_dhcpd, repo: "hexpm", optional: false]}, {:system_registry, "~> 0.7", [hex: :system_registry, repo: "hexpm", optional: false]}], "hexpm"},
  "nerves_network_interface": {:hex, :nerves_network_interface, "0.4.5", "fce2bf16b282d5d06e5490fd8ebfb261b0732992fb1c3de7922e58423da10af0", [:make, :mix], [{:elixir_make, "~> 0.4", [hex: :elixir_make, repo: "hexpm", optional: false]}], "hexpm"},
  "nerves_runtime": {:hex, :nerves_runtime, "0.9.3", "b1e98ead692c256fb88f5e385efceae189b2827c39e9b1fdd92c42b723ad736c", [:make, :mix], [{:elixir_make, "~> 0.5", [hex: :elixir_make, repo: "hexpm", optional: false]}, {:system_registry, "~> 0.5", [hex: :system_registry, repo: "hexpm", optional: false]}, {:uboot_env, "~> 0.1", [hex: :uboot_env, repo: "hexpm", optional: false]}], "hexpm"},
  "nerves_system_bbb": {:hex, :nerves_system_bbb, "2.1.3", "82792b06962343eeee843b30f005cb5539b0ec71efcd6fedb0fd40f8e0376617", [:mix], [{:nerves, "~> 1.3", [hex: :nerves, repo: "hexpm", optional: false]}, {:nerves_system_br, "1.6.8", [hex: :nerves_system_br, repo: "hexpm", optional: false]}, {:nerves_system_linter, "~> 0.3.0", [hex: :nerves_system_linter, repo: "hexpm", optional: false]}, {:nerves_toolchain_arm_unknown_linux_gnueabihf, "1.1.0", [hex: :nerves_toolchain_arm_unknown_linux_gnueabihf, repo: "hexpm", optional: false]}], "hexpm"},
  "nerves_system_br": {:hex, :nerves_system_br, "1.6.8", "cd8993547c23056712b3244257da638e843ab9274da00ca440e350a083f8ea32", [:mix], [], "hexpm"},
  "nerves_system_linter": {:hex, :nerves_system_linter, "0.3.0", "84e0f63c8ac196b16b77608bbe7df66dcf352845c4e4fb394bffd2b572025413", [:mix], [], "hexpm"},
  "nerves_system_rpi": {:hex, :nerves_system_rpi, "1.6.3", "572c0bbc33ed8862698643dffb36f9530e662ced87777831e793e202ebfdebe5", [:mix], [{:nerves, "~> 1.3", [hex: :nerves, repo: "hexpm", optional: false]}, {:nerves_system_br, "1.6.8", [hex: :nerves_system_br, repo: "hexpm", optional: false]}, {:nerves_system_linter, "~> 0.3.0", [hex: :nerves_system_linter, repo: "hexpm", optional: false]}, {:nerves_toolchain_armv6_rpi_linux_gnueabi, "1.1.0", [hex: :nerves_toolchain_armv6_rpi_linux_gnueabi, repo: "hexpm", optional: false]}], "hexpm"},
  "nerves_system_rpi0": {:hex, :nerves_system_rpi0, "1.6.3", "bae57b81f42db8de4e844b4d929df850b4063ae472b237abe419153a41e44a2d", [:mix], [{:nerves, "~> 1.3", [hex: :nerves, repo: "hexpm", optional: false]}, {:nerves_system_br, "1.6.8", [hex: :nerves_system_br, repo: "hexpm", optional: false]}, {:nerves_system_linter, "~> 0.3.0", [hex: :nerves_system_linter, repo: "hexpm", optional: false]}, {:nerves_toolchain_armv6_rpi_linux_gnueabi, "1.1.0", [hex: :nerves_toolchain_armv6_rpi_linux_gnueabi, repo: "hexpm", optional: false]}], "hexpm"},
  "nerves_system_rpi2": {:hex, :nerves_system_rpi2, "1.6.3", "b973dc9ea73647fbcdf0659d508517fda70c982bde47c0e02f25b77af86939ca", [:mix], [{:nerves, "~> 1.3", [hex: :nerves, repo: "hexpm", optional: false]}, {:nerves_system_br, "1.6.8", [hex: :nerves_system_br, repo: "hexpm", optional: false]}, {:nerves_system_linter, "~> 0.3.0", [hex: :nerves_system_linter, repo: "hexpm", optional: false]}, {:nerves_toolchain_arm_unknown_linux_gnueabihf, "1.1.0", [hex: :nerves_toolchain_arm_unknown_linux_gnueabihf, repo: "hexpm", optional: false]}], "hexpm"},
  "nerves_system_rpi3": {:hex, :nerves_system_rpi3, "1.6.3", "82ecaeb1e5b0aa310f70abb1027ab6e6c77cbe6df4d40b081db29484099ed7e9", [:mix], [{:nerves, "~> 1.3", [hex: :nerves, repo: "hexpm", optional: false]}, {:nerves_system_br, "1.6.8", [hex: :nerves_system_br, repo: "hexpm", optional: false]}, {:nerves_system_linter, "~> 0.3.0", [hex: :nerves_system_linter, repo: "hexpm", optional: false]}, {:nerves_toolchain_arm_unknown_linux_gnueabihf, "1.1.0", [hex: :nerves_toolchain_arm_unknown_linux_gnueabihf, repo: "hexpm", optional: false]}], "hexpm"},
  "nerves_system_rpi3a": {:hex, :nerves_system_rpi3a, "1.6.3", "6bab0f38381ddf39da48a91c0cc497fcc5eafaac657eea9484ce93b9ee2c8785", [:mix], [{:nerves, "~> 1.3", [hex: :nerves, repo: "hexpm", optional: false]}, {:nerves_system_br, "1.6.8", [hex: :nerves_system_br, repo: "hexpm", optional: false]}, {:nerves_system_linter, "~> 0.3.0", [hex: :nerves_system_linter, repo: "hexpm", optional: false]}, {:nerves_toolchain_arm_unknown_linux_gnueabihf, "1.1.0", [hex: :nerves_toolchain_arm_unknown_linux_gnueabihf, repo: "hexpm", optional: false]}], "hexpm"},
  "nerves_system_x86_64": {:hex, :nerves_system_x86_64, "1.6.3", "986af35f0f808ed72997ac89b141602582388e4b3b29dfcb9b5d3866f57a9e83", [:mix], [{:nerves, "~> 1.3", [hex: :nerves, repo: "hexpm", optional: false]}, {:nerves_system_br, "1.6.8", [hex: :nerves_system_br, repo: "hexpm", optional: false]}, {:nerves_system_linter, "~> 0.3.0", [hex: :nerves_system_linter, repo: "hexpm", optional: false]}, {:nerves_toolchain_x86_64_unknown_linux_musl, "1.1.0", [hex: :nerves_toolchain_x86_64_unknown_linux_musl, repo: "hexpm", optional: false]}], "hexpm"},
  "nerves_time": {:hex, :nerves_time, "0.2.1", "7472fdc643c4dd93b841c710b84aa83ac6ef6879b50b7568b2ed8c862db673aa", [:make, :mix], [{:elixir_make, "~> 0.5", [hex: :elixir_make, repo: "hexpm", optional: false]}, {:muontrap, "~> 0.4", [hex: :muontrap, repo: "hexpm", optional: false]}], "hexpm"},
  "nerves_toolchain_arm_unknown_linux_gnueabihf": {:hex, :nerves_toolchain_arm_unknown_linux_gnueabihf, "1.1.0", "ca466a656f8653346a8551a35743f7c41046f3d53e945723e970cb4a7811e617", [:mix], [{:nerves, "~> 1.0", [hex: :nerves, repo: "hexpm", optional: false]}, {:nerves_toolchain_ctng, "~> 1.5.0", [hex: :nerves_toolchain_ctng, repo: "hexpm", optional: false]}], "hexpm"},
  "nerves_toolchain_armv6_rpi_linux_gnueabi": {:hex, :nerves_toolchain_armv6_rpi_linux_gnueabi, "1.1.0", "2753102e667d9778047b351618f3dfdc016b81148df58d142fee7630d96a31fe", [:mix], [{:nerves, "~> 1.0", [hex: :nerves, repo: "hexpm", optional: false]}, {:nerves_toolchain_ctng, "~> 1.5.0", [hex: :nerves_toolchain_ctng, repo: "hexpm", optional: false]}], "hexpm"},
  "nerves_toolchain_ctng": {:hex, :nerves_toolchain_ctng, "1.5.0", "34b8f5664858ff6ce09730b26221441398acd1fa361b8c6d744d9ec18238c16b", [:mix], [{:nerves, "~> 1.0", [hex: :nerves, repo: "hexpm", optional: false]}], "hexpm"},
  "nerves_toolchain_x86_64_unknown_linux_musl": {:hex, :nerves_toolchain_x86_64_unknown_linux_musl, "1.1.0", "02b8cacdddb12d8dbac62324f893103cc0ca38fb4f7d6c1557d9236c93223219", [:mix], [{:nerves, "~> 1.0", [hex: :nerves, repo: "hexpm", optional: false]}, {:nerves_toolchain_ctng, "~> 1.5.0", [hex: :nerves_toolchain_ctng, repo: "hexpm", optional: false]}], "hexpm"},
  "nerves_wpa_supplicant": {:hex, :nerves_wpa_supplicant, "0.5.1", "5fc2654d9ddbee6fa72f7f6fa90e7b8ee765b0775e57b93ec7ca485c421074cf", [:make, :mix], [{:elixir_make, "~> 0.4", [hex: :elixir_make, repo: "hexpm", optional: false]}], "hexpm"},
  "one_dhcpd": {:hex, :one_dhcpd, "0.2.1", "421ff729bd90e245ff54f7ee2b09ca1f9c2d5983eb7723561c0d43df5673e553", [:make, :mix], [{:elixir_make, "~> 0.5", [hex: :elixir_make, repo: "hexpm", optional: false]}], "hexpm"},
  "parse_trans": {:hex, :parse_trans, "3.3.0", "09765507a3c7590a784615cfd421d101aec25098d50b89d7aa1d66646bc571c1", [:rebar3], [], "hexpm"},
  "pbcs": {:hex, :pbcs, "0.1.1", "199c7fd4af3351758378355909145a2d187c565555ed16bde30b5055114652ed", [:mix], [], "hexpm"},
  "phoenix_client": {:hex, :phoenix_client, "0.7.0", "1dfd1a4550d6ea2399433f308c827675ee8a59bfbd7a9c8aa0f0d59710e2493c", [:mix], [{:jason, "~> 1.0", [hex: :jason, repo: "hexpm", optional: true]}, {:websocket_client, "~> 1.3", [hex: :websocket_client, repo: "hexpm", optional: true]}], "hexpm"},
  "ring_logger": {:hex, :ring_logger, "0.6.1", "568dbd9eebf26c661427de5204d8a91adaa740993f3ac5aa450257f62b6e7178", [:mix], [], "hexpm"},
  "shoehorn": {:hex, :shoehorn, "0.4.0", "f3830e22e1c58b502e8c436623804c4eb6ed15f5d0bdbacdeb448cddf4795951", [:mix], [{:distillery, "~> 2.0", [hex: :distillery, repo: "hexpm", optional: false]}], "hexpm"},
  "socket": {:hex, :socket, "0.3.13", "98a2ab20ce17f95fb512c5cadddba32b57273e0d2dba2d2e5f976c5969d0c632", [:mix], [], "hexpm"},
  "ssl_verify_fun": {:hex, :ssl_verify_fun, "1.1.4", "f0eafff810d2041e93f915ef59899c923f4568f4585904d010387ed74988e77b", [:make, :mix, :rebar3], [], "hexpm"},
  "system_registry": {:hex, :system_registry, "0.8.2", "df791dc276652fcfb53be4dab823e05f8269b96ac57c26f86a67838dbc0eefe7", [:mix], [], "hexpm"},
  "table_rex": {:hex, :table_rex, "2.0.0", "712783cbc2decb4d644d2ab8ad9315294f960c41b2cf0539308164922e352084", [:mix], [], "hexpm"},
  "tesla": {:hex, :tesla, "1.3.0", "f35d72f029e608f9cdc6f6d6fcc7c66cf6d6512a70cfef9206b21b8bd0203a30", [:mix], [{:castore, "~> 0.1", [hex: :castore, repo: "hexpm", optional: true]}, {:exjsx, ">= 3.0.0", [hex: :exjsx, repo: "hexpm", optional: true]}, {:fuse, "~> 2.4", [hex: :fuse, repo: "hexpm", optional: true]}, {:gun, "~> 1.3", [hex: :gun, repo: "hexpm", optional: true]}, {:hackney, "~> 1.6", [hex: :hackney, repo: "hexpm", optional: true]}, {:ibrowse, "~> 4.4.0", [hex: :ibrowse, repo: "hexpm", optional: true]}, {:jason, ">= 1.0.0", [hex: :jason, repo: "hexpm", optional: true]}, {:mime, "~> 1.0", [hex: :mime, repo: "hexpm", optional: false]}, {:mint, "~> 0.4", [hex: :mint, repo: "hexpm", optional: true]}, {:poison, ">= 1.0.0", [hex: :poison, repo: "hexpm", optional: true]}, {:telemetry, "~> 0.3", [hex: :telemetry, repo: "hexpm", optional: true]}], "hexpm"},
  "uboot_env": {:hex, :uboot_env, "0.1.0", "176d277c8461d849614d8b82595060bf03ace6ca59d49c5b53707d90cb9e2f5a", [:mix], [], "hexpm"},
  "unicode_util_compat": {:hex, :unicode_util_compat, "0.4.1", "d869e4c68901dd9531385bb0c8c40444ebf624e60b6962d95952775cac5e90cd", [:rebar3], [], "hexpm"},
  "websocket_client": {:hex, :websocket_client, "1.3.0", "2275d7daaa1cdacebf2068891c9844b15f4fdc3de3ec2602420c2fb486db59b6", [:rebar3], [], "hexpm"},
  "x509": {:hex, :x509, "0.7.0", "001b762cd99e1a33bc876bb090bd34d9cadc66eb7df3deb76d9f4d8a37b89612", [:mix], [], "hexpm"},
}
